
Microsoft Visual Studio Solution File, Format Version 12.00
# Visual Studio 15
Project("{FAE04EC0-301F-11D3-BF4B-00C04F79EFBC}") = "Assembly-CSharp", "Assembly-CSharp.csproj", "{C08DD76B-F4EE-371A-ECDE-CE9EBB2D0823}"
EndProject
Project("{FAE04EC0-301F-11D3-BF4B-00C04F79EFBC}") = "Assembly-CSharp-Editor", "Assembly-CSharp-Editor.csproj", "{863ECFAE-358D-E45B-032E-4E07768F5A87}"
EndProject
Global
	GlobalSection(SolutionConfigurationPlatforms) = preSolution
		Debug|Any CPU = Debug|Any CPU
		Release|Any CPU = Release|Any CPU
	EndGlobalSection
	GlobalSection(ProjectConfigurationPlatforms) = postSolution
		{C08DD76B-F4EE-371A-ECDE-CE9EBB2D0823}.Debug|Any CPU.ActiveCfg = Debug|Any CPU
		{C08DD76B-F4EE-371A-ECDE-CE9EBB2D0823}.Debug|Any CPU.Build.0 = Debug|Any CPU
		{C08DD76B-F4EE-371A-ECDE-CE9EBB2D0823}.Release|Any CPU.ActiveCfg = Release|Any CPU
		{C08DD76B-F4EE-371A-ECDE-CE9EBB2D0823}.Release|Any CPU.Build.0 = Release|Any CPU
		{863ECFAE-358D-E45B-032E-4E07768F5A87}.Debug|Any CPU.ActiveCfg = Debug|Any CPU
		{863ECFAE-358D-E45B-032E-4E07768F5A87}.Debug|Any CPU.Build.0 = Debug|Any CPU
		{863ECFAE-358D-E45B-032E-4E07768F5A87}.Release|Any CPU.ActiveCfg = Release|Any CPU
		{863ECFAE-358D-E45B-032E-4E07768F5A87}.Release|Any CPU.Build.0 = Release|Any CPU
	EndGlobalSection
	GlobalSection(SolutionProperties) = preSolution
		HideSolutionNode = FALSE
	EndGlobalSection
EndGlobal
